
Microsoft Visual Studio Solution File, Format Version 12.00
# Visual Studio Version 17
VisualStudioVersion = 17.0.31912.275
MinimumVisualStudioVersion = 10.0.40219.1
Project("{8BC9CEB8-8B4A-11D0-8D11-00A0C91BC942}") = "ICG _lab1", "ICG _lab1\ICG _lab1.vcxproj", "{9BDD6C83-0115-4BC6-9860-0BFEC0A748B1}"
EndProject
Global
	GlobalSection(SolutionConfigurationPlatforms) = preSolution
		Debug|x64 = Debug|x64
		Debug|x86 = Debug|x86
		Release|x64 = Release|x64
		Release|x86 = Release|x86
	EndGlobalSection
	GlobalSection(ProjectConfigurationPlatforms) = postSolution
		{9BDD6C83-0115-4BC6-9860-0BFEC0A748B1}.Debug|x64.ActiveCfg = Debug|x64
		{9BDD6C83-0115-4BC6-9860-0BFEC0A748B1}.Debug|x64.Build.0 = Debug|x64
		{9BDD6C83-0115-4BC6-9860-0BFEC0A748B1}.Debug|x86.ActiveCfg = Debug|Win32
		{9BDD6C83-0115-4BC6-9860-0BFEC0A748B1}.Debug|x86.Build.0 = Debug|Win32
		{9BDD6C83-0115-4BC6-9860-0BFEC0A748B1}.Release|x64.ActiveCfg = Release|x64
		{9BDD6C83-0115-4BC6-9860-0BFEC0A748B1}.Release|x64.Build.0 = Release|x64
		{9BDD6C83-0115-4BC6-9860-0BFEC0A748B1}.Release|x86.ActiveCfg = Release|Win32
		{9BDD6C83-0115-4BC6-9860-0BFEC0A748B1}.Release|x86.Build.0 = Release|Win32
	EndGlobalSection
	GlobalSection(SolutionProperties) = preSolution
		HideSolutionNode = FALSE
	EndGlobalSection
	GlobalSection(ExtensibilityGlobals) = postSolution
		SolutionGuid = {9CC9032F-EDE2-400E-9402-21CFF9F116B2}
	EndGlobalSection
EndGlobal
